
Microsoft Visual Studio Solution File, Format Version 12.00
# Visual Studio Version 16
VisualStudioVersion = 16.0.30717.126
MinimumVisualStudioVersion = 10.0.40219.1
Project("{FAE04EC0-301F-11D3-BF4B-00C04F79EFBC}") = "PracticeHW3(2)", "PracticeHW3(2)\PracticeHW3(2).csproj", "{4C865AA9-1A7B-4177-8089-EC2ECF851989}"
EndProject
Global
	GlobalSection(SolutionConfigurationPlatforms) = preSolution
		Debug|Any CPU = Debug|Any CPU
		Release|Any CPU = Release|Any CPU
	EndGlobalSection
	GlobalSection(ProjectConfigurationPlatforms) = postSolution
		{4C865AA9-1A7B-4177-8089-EC2ECF851989}.Debug|Any CPU.ActiveCfg = Debug|Any CPU
		{4C865AA9-1A7B-4177-8089-EC2ECF851989}.Debug|Any CPU.Build.0 = Debug|Any CPU
		{4C865AA9-1A7B-4177-8089-EC2ECF851989}.Release|Any CPU.ActiveCfg = Release|Any CPU
		{4C865AA9-1A7B-4177-8089-EC2ECF851989}.Release|Any CPU.Build.0 = Release|Any CPU
	EndGlobalSection
	GlobalSection(SolutionProperties) = preSolution
		HideSolutionNode = FALSE
	EndGlobalSection
	GlobalSection(ExtensibilityGlobals) = postSolution
		SolutionGuid = {4B091C16-5DF6-492B-8485-282648DB5977}
	EndGlobalSection
EndGlobal
