
Microsoft Visual Studio Solution File, Format Version 12.00
# Visual Studio Version 16
VisualStudioVersion = 16.0.30717.126
MinimumVisualStudioVersion = 10.0.40219.1
Project("{FAE04EC0-301F-11D3-BF4B-00C04F79EFBC}") = "PracticeEx1", "PracticeEx1\PracticeEx1.csproj", "{B919CE37-97C8-4257-8DB8-951D7B5CE094}"
EndProject
Global
	GlobalSection(SolutionConfigurationPlatforms) = preSolution
		Debug|Any CPU = Debug|Any CPU
		Release|Any CPU = Release|Any CPU
	EndGlobalSection
	GlobalSection(ProjectConfigurationPlatforms) = postSolution
		{B919CE37-97C8-4257-8DB8-951D7B5CE094}.Debug|Any CPU.ActiveCfg = Debug|Any CPU
		{B919CE37-97C8-4257-8DB8-951D7B5CE094}.Debug|Any CPU.Build.0 = Debug|Any CPU
		{B919CE37-97C8-4257-8DB8-951D7B5CE094}.Release|Any CPU.ActiveCfg = Release|Any CPU
		{B919CE37-97C8-4257-8DB8-951D7B5CE094}.Release|Any CPU.Build.0 = Release|Any CPU
	EndGlobalSection
	GlobalSection(SolutionProperties) = preSolution
		HideSolutionNode = FALSE
	EndGlobalSection
	GlobalSection(ExtensibilityGlobals) = postSolution
		SolutionGuid = {90A2AD34-8A85-4988-B870-4170054F2182}
	EndGlobalSection
EndGlobal
